
Microsoft Visual Studio Solution File, Format Version 12.00
# Visual Studio 15
VisualStudioVersion = 15.0.28307.1500
MinimumVisualStudioVersion = 10.0.40219.1
Project("{FAE04EC0-301F-11D3-BF4B-00C04F79EFBC}") = "Crud", "Crud\Crud.csproj", "{B592A222-4071-463A-8CFE-A282D1D37C62}"
EndProject
Global
	GlobalSection(SolutionConfigurationPlatforms) = preSolution
		Debug|Any CPU = Debug|Any CPU
		Release|Any CPU = Release|Any CPU
	EndGlobalSection
	GlobalSection(ProjectConfigurationPlatforms) = postSolution
		{B592A222-4071-463A-8CFE-A282D1D37C62}.Debug|Any CPU.ActiveCfg = Debug|Any CPU
		{B592A222-4071-463A-8CFE-A282D1D37C62}.Debug|Any CPU.Build.0 = Debug|Any CPU
		{B592A222-4071-463A-8CFE-A282D1D37C62}.Release|Any CPU.ActiveCfg = Release|Any CPU
		{B592A222-4071-463A-8CFE-A282D1D37C62}.Release|Any CPU.Build.0 = Release|Any CPU
	EndGlobalSection
	GlobalSection(SolutionProperties) = preSolution
		HideSolutionNode = FALSE
	EndGlobalSection
	GlobalSection(ExtensibilityGlobals) = postSolution
		SolutionGuid = {757EC1A7-0980-4BDD-B44B-CF4A53D83B2D}
	EndGlobalSection
EndGlobal
